
Microsoft Visual Studio Solution File, Format Version 12.00
# Visual Studio 2013
VisualStudioVersion = 12.0.21005.1
MinimumVisualStudioVersion = 10.0.40219.1
Project("{FAE04EC0-301F-11D3-BF4B-00C04F79EFBC}") = "KatanaDemo", "KatanaDemo\KatanaDemo.csproj", "{0CADFF8C-CCAD-4EEA-91A3-2A00A72CC15D}"
EndProject
Global
	GlobalSection(SolutionConfigurationPlatforms) = preSolution
		Debug|Any CPU = Debug|Any CPU
		Release|Any CPU = Release|Any CPU
	EndGlobalSection
	GlobalSection(ProjectConfigurationPlatforms) = postSolution
		{0CADFF8C-CCAD-4EEA-91A3-2A00A72CC15D}.Debug|Any CPU.ActiveCfg = Debug|Any CPU
		{0CADFF8C-CCAD-4EEA-91A3-2A00A72CC15D}.Debug|Any CPU.Build.0 = Debug|Any CPU
		{0CADFF8C-CCAD-4EEA-91A3-2A00A72CC15D}.Release|Any CPU.ActiveCfg = Release|Any CPU
		{0CADFF8C-CCAD-4EEA-91A3-2A00A72CC15D}.Release|Any CPU.Build.0 = Release|Any CPU
	EndGlobalSection
	GlobalSection(SolutionProperties) = preSolution
		HideSolutionNode = FALSE
	EndGlobalSection
EndGlobal
